
Microsoft Visual Studio Solution File, Format Version 12.00
# Visual Studio Version 17
VisualStudioVersion = 17.8.34330.188
MinimumVisualStudioVersion = 10.0.40219.1
Project("{9A19103F-16F7-4668-BE54-9A1E7A4F7556}") = "EviusUCI", "EviusUCI\EviusUCI.csproj", "{E8ECD2FB-8CCC-47F3-8A6E-E2E39AD2E0B7}"
	ProjectSection(ProjectDependencies) = postProject
		{308C8DA5-AA1B-4D73-91D9-08EC8E51FE82} = {308C8DA5-AA1B-4D73-91D9-08EC8E51FE82}
	EndProjectSection
EndProject
Project("{9A19103F-16F7-4668-BE54-9A1E7A4F7556}") = "EviusChess", "EviusChess\EviusChess.csproj", "{882FC9F9-B734-4E80-A3DD-DC624DD47D1C}"
EndProject
Project("{9A19103F-16F7-4668-BE54-9A1E7A4F7556}") = "Evius.Tests", "EviusTests\Evius.Tests.csproj", "{050B35AF-3746-4C2A-AFBE-5739390B7E3D}"
	ProjectSection(ProjectDependencies) = postProject
		{882FC9F9-B734-4E80-A3DD-DC624DD47D1C} = {882FC9F9-B734-4E80-A3DD-DC624DD47D1C}
		{E8ECD2FB-8CCC-47F3-8A6E-E2E39AD2E0B7} = {E8ECD2FB-8CCC-47F3-8A6E-E2E39AD2E0B7}
	EndProjectSection
EndProject
Project("{9A19103F-16F7-4668-BE54-9A1E7A4F7556}") = "EviusExporters", "EviusExporters\EviusExporters.csproj", "{0716DAD3-04FB-4AF9-AF22-0DE79EE47919}"
EndProject
Project("{FAE04EC0-301F-11D3-BF4B-00C04F79EFBC}") = "EviusCLI", "EviusCLI\EviusCLI.csproj", "{308C8DA5-AA1B-4D73-91D9-08EC8E51FE82}"
EndProject
Global
	GlobalSection(SolutionConfigurationPlatforms) = preSolution
		Debug|Any CPU = Debug|Any CPU
		Release|Any CPU = Release|Any CPU
	EndGlobalSection
	GlobalSection(ProjectConfigurationPlatforms) = postSolution
		{E8ECD2FB-8CCC-47F3-8A6E-E2E39AD2E0B7}.Debug|Any CPU.ActiveCfg = Debug|Any CPU
		{E8ECD2FB-8CCC-47F3-8A6E-E2E39AD2E0B7}.Debug|Any CPU.Build.0 = Debug|Any CPU
		{E8ECD2FB-8CCC-47F3-8A6E-E2E39AD2E0B7}.Release|Any CPU.ActiveCfg = Release|Any CPU
		{E8ECD2FB-8CCC-47F3-8A6E-E2E39AD2E0B7}.Release|Any CPU.Build.0 = Release|Any CPU
		{882FC9F9-B734-4E80-A3DD-DC624DD47D1C}.Debug|Any CPU.ActiveCfg = Debug|Any CPU
		{882FC9F9-B734-4E80-A3DD-DC624DD47D1C}.Debug|Any CPU.Build.0 = Debug|Any CPU
		{882FC9F9-B734-4E80-A3DD-DC624DD47D1C}.Release|Any CPU.ActiveCfg = Release|Any CPU
		{882FC9F9-B734-4E80-A3DD-DC624DD47D1C}.Release|Any CPU.Build.0 = Release|Any CPU
		{050B35AF-3746-4C2A-AFBE-5739390B7E3D}.Debug|Any CPU.ActiveCfg = Debug|Any CPU
		{050B35AF-3746-4C2A-AFBE-5739390B7E3D}.Debug|Any CPU.Build.0 = Debug|Any CPU
		{050B35AF-3746-4C2A-AFBE-5739390B7E3D}.Release|Any CPU.ActiveCfg = Release|Any CPU
		{050B35AF-3746-4C2A-AFBE-5739390B7E3D}.Release|Any CPU.Build.0 = Release|Any CPU
		{0716DAD3-04FB-4AF9-AF22-0DE79EE47919}.Debug|Any CPU.ActiveCfg = Debug|Any CPU
		{0716DAD3-04FB-4AF9-AF22-0DE79EE47919}.Debug|Any CPU.Build.0 = Debug|Any CPU
		{0716DAD3-04FB-4AF9-AF22-0DE79EE47919}.Release|Any CPU.ActiveCfg = Release|Any CPU
		{0716DAD3-04FB-4AF9-AF22-0DE79EE47919}.Release|Any CPU.Build.0 = Release|Any CPU
		{308C8DA5-AA1B-4D73-91D9-08EC8E51FE82}.Debug|Any CPU.ActiveCfg = Debug|Any CPU
		{308C8DA5-AA1B-4D73-91D9-08EC8E51FE82}.Debug|Any CPU.Build.0 = Debug|Any CPU
		{308C8DA5-AA1B-4D73-91D9-08EC8E51FE82}.Release|Any CPU.ActiveCfg = Release|Any CPU
		{308C8DA5-AA1B-4D73-91D9-08EC8E51FE82}.Release|Any CPU.Build.0 = Release|Any CPU
	EndGlobalSection
	GlobalSection(SolutionProperties) = preSolution
		HideSolutionNode = FALSE
	EndGlobalSection
	GlobalSection(ExtensibilityGlobals) = postSolution
		SolutionGuid = {8A9700D3-61EE-44F1-836A-0E43B15F1A56}
	EndGlobalSection
EndGlobal
